
Microsoft Visual Studio Solution File, Format Version 12.00
# Visual Studio Version 17
VisualStudioVersion = 17.7.34009.444
MinimumVisualStudioVersion = 10.0.40219.1
Project("{9A19103F-16F7-4668-BE54-9A1E7A4F7556}") = "D20Tek.Minimal.Endpoints", "src\D20Tek.Minimal.Endpoints\D20Tek.Minimal.Endpoints.csproj", "{78532F41-8C2E-4EDA-B43A-34078B246CAF}"
EndProject
Global
	GlobalSection(SolutionConfigurationPlatforms) = preSolution
		Debug|Any CPU = Debug|Any CPU
		Release|Any CPU = Release|Any CPU
	EndGlobalSection
	GlobalSection(ProjectConfigurationPlatforms) = postSolution
		{78532F41-8C2E-4EDA-B43A-34078B246CAF}.Debug|Any CPU.ActiveCfg = Debug|Any CPU
		{78532F41-8C2E-4EDA-B43A-34078B246CAF}.Debug|Any CPU.Build.0 = Debug|Any CPU
		{78532F41-8C2E-4EDA-B43A-34078B246CAF}.Release|Any CPU.ActiveCfg = Release|Any CPU
		{78532F41-8C2E-4EDA-B43A-34078B246CAF}.Release|Any CPU.Build.0 = Release|Any CPU
	EndGlobalSection
	GlobalSection(SolutionProperties) = preSolution
		HideSolutionNode = FALSE
	EndGlobalSection
	GlobalSection(ExtensibilityGlobals) = postSolution
		SolutionGuid = {DB699282-8249-4570-8C08-FB7A513605BB}
	EndGlobalSection
EndGlobal
